
Microsoft Visual Studio Solution File, Format Version 12.00
# Visual Studio Version 16
VisualStudioVersion = 16.0.31424.327
MinimumVisualStudioVersion = 10.0.40219.1
Project("{FAE04EC0-301F-11D3-BF4B-00C04F79EFBC}") = "SSB_RETROGRADE", "SSB_RETROGRADE\SSB_RETROGRADE.csproj", "{BCFDAC2A-427D-4A94-BC45-F0B7745F8CCF}"
EndProject
Global
	GlobalSection(SolutionConfigurationPlatforms) = preSolution
		Debug|Any CPU = Debug|Any CPU
		Release|Any CPU = Release|Any CPU
	EndGlobalSection
	GlobalSection(ProjectConfigurationPlatforms) = postSolution
		{BCFDAC2A-427D-4A94-BC45-F0B7745F8CCF}.Debug|Any CPU.ActiveCfg = Debug|Any CPU
		{BCFDAC2A-427D-4A94-BC45-F0B7745F8CCF}.Debug|Any CPU.Build.0 = Debug|Any CPU
		{BCFDAC2A-427D-4A94-BC45-F0B7745F8CCF}.Release|Any CPU.ActiveCfg = Release|Any CPU
		{BCFDAC2A-427D-4A94-BC45-F0B7745F8CCF}.Release|Any CPU.Build.0 = Release|Any CPU
	EndGlobalSection
	GlobalSection(SolutionProperties) = preSolution
		HideSolutionNode = FALSE
	EndGlobalSection
	GlobalSection(ExtensibilityGlobals) = postSolution
		SolutionGuid = {E982D5A4-CDFC-43F4-8242-17577B777A04}
	EndGlobalSection
EndGlobal
